
Microsoft Visual Studio Solution File, Format Version 12.00
# Visual Studio Version 17
VisualStudioVersion = 17.5.33627.172
MinimumVisualStudioVersion = 10.0.40219.1
Project("{9A19103F-16F7-4668-BE54-9A1E7A4F7556}") = "NorthwindEmployeeEfCoreService", "NorthwindEmployeeEfCoreService\NorthwindEmployeeEfCoreService.csproj", "{F321A25F-2DEF-4EAC-BCCC-DCB069535B65}"
EndProject
Project("{9A19103F-16F7-4668-BE54-9A1E7A4F7556}") = "NorthwindEmployeeEfCoreService.Tests", "NorthwindEmployeeEfCoreService.Tests\NorthwindEmployeeEfCoreService.Tests.csproj", "{33A3C304-5AE7-4F23-A131-33D74E65C04F}"
EndProject
Project("{2150E333-8FDC-42A3-9474-1A3956D46DE8}") = "Solution Items", "Solution Items", "{666C6735-B60C-4F09-9277-5253E40E7B6B}"
	ProjectSection(SolutionItems) = preProject
		README.md = README.md
	EndProjectSection
EndProject
Global
	GlobalSection(SolutionConfigurationPlatforms) = preSolution
		Debug|Any CPU = Debug|Any CPU
		Release|Any CPU = Release|Any CPU
	EndGlobalSection
	GlobalSection(ProjectConfigurationPlatforms) = postSolution
		{F321A25F-2DEF-4EAC-BCCC-DCB069535B65}.Debug|Any CPU.ActiveCfg = Debug|Any CPU
		{F321A25F-2DEF-4EAC-BCCC-DCB069535B65}.Debug|Any CPU.Build.0 = Debug|Any CPU
		{F321A25F-2DEF-4EAC-BCCC-DCB069535B65}.Release|Any CPU.ActiveCfg = Release|Any CPU
		{F321A25F-2DEF-4EAC-BCCC-DCB069535B65}.Release|Any CPU.Build.0 = Release|Any CPU
		{33A3C304-5AE7-4F23-A131-33D74E65C04F}.Debug|Any CPU.ActiveCfg = Debug|Any CPU
		{33A3C304-5AE7-4F23-A131-33D74E65C04F}.Debug|Any CPU.Build.0 = Debug|Any CPU
		{33A3C304-5AE7-4F23-A131-33D74E65C04F}.Release|Any CPU.ActiveCfg = Release|Any CPU
		{33A3C304-5AE7-4F23-A131-33D74E65C04F}.Release|Any CPU.Build.0 = Release|Any CPU
	EndGlobalSection
	GlobalSection(SolutionProperties) = preSolution
		HideSolutionNode = FALSE
	EndGlobalSection
EndGlobal
